// !$*UTF8*$!
{
	archiveVersion = 1;
	classes = {
	};
	objectVersion = 55;
	objects = {

/* Begin PBXBuildFile section */
		C117AB7E282A8985001F1C4E /* SelectTimeViewController.swift in Sources */ = {isa = PBXBuildFile; fileRef = C117AB7D282A8985001F1C4E /* SelectTimeViewController.swift */; };
		C117AB80282A9841001F1C4E /* ReservationViewController.swift in Sources */ = {isa = PBXBuildFile; fileRef = C117AB7F282A9841001F1C4E /* ReservationViewController.swift */; };
		C117AB82282AC6A0001F1C4E /* BookedViewController.swift in Sources */ = {isa = PBXBuildFile; fileRef = C117AB81282AC6A0001F1C4E /* BookedViewController.swift */; };
		C117AB84282B2D39001F1C4E /* BookedTableViewCell.swift in Sources */ = {isa = PBXBuildFile; fileRef = C117AB83282B2D39001F1C4E /* BookedTableViewCell.swift */; };
		C19FFF5F282A4B6000C09108 /* AppDelegate.swift in Sources */ = {isa = PBXBuildFile; fileRef = C19FFF5E282A4B6000C09108 /* AppDelegate.swift */; };
		C19FFF61282A4B6000C09108 /* SceneDelegate.swift in Sources */ = {isa = PBXBuildFile; fileRef = C19FFF60282A4B6000C09108 /* SceneDelegate.swift */; };
		C19FFF63282A4B6000C09108 /* ViewController.swift in Sources */ = {isa = PBXBuildFile; fileRef = C19FFF62282A4B6000C09108 /* ViewController.swift */; };
		C19FFF66282A4B6000C09108 /* Main.storyboard in Resources */ = {isa = PBXBuildFile; fileRef = C19FFF64282A4B6000C09108 /* Main.storyboard */; };
		C19FFF68282A4B6100C09108 /* Assets.xcassets in Resources */ = {isa = PBXBuildFile; fileRef = C19FFF67282A4B6100C09108 /* Assets.xcassets */; };
		C19FFF6B282A4B6100C09108 /* LaunchScreen.storyboard in Resources */ = {isa = PBXBuildFile; fileRef = C19FFF69282A4B6100C09108 /* LaunchScreen.storyboard */; };
		C19FFF76282A4B6100C09108 /* MovieSystemTests.swift in Sources */ = {isa = PBXBuildFile; fileRef = C19FFF75282A4B6100C09108 /* MovieSystemTests.swift */; };
		C19FFF80282A4B6200C09108 /* MovieSystemUITests.swift in Sources */ = {isa = PBXBuildFile; fileRef = C19FFF7F282A4B6200C09108 /* MovieSystemUITests.swift */; };
		C19FFF82282A4B6200C09108 /* MovieSystemUITestsLaunchTests.swift in Sources */ = {isa = PBXBuildFile; fileRef = C19FFF81282A4B6200C09108 /* MovieSystemUITestsLaunchTests.swift */; };
		C19FFF91282A52CB00C09108 /* source.json in Resources */ = {isa = PBXBuildFile; fileRef = C19FFF90282A52CB00C09108 /* source.json */; };
/* End PBXBuildFile section */

/* Begin PBXContainerItemProxy section */
		C19FFF72282A4B6100C09108 /* PBXContainerItemProxy */ = {
			isa = PBXContainerItemProxy;
			containerPortal = C19FFF53282A4B6000C09108 /* Project object */;
			proxyType = 1;
			remoteGlobalIDString = C19FFF5A282A4B6000C09108;
			remoteInfo = MovieSystem;
		};
		C19FFF7C282A4B6200C09108 /* PBXContainerItemProxy */ = {
			isa = PBXContainerItemProxy;
			containerPortal = C19FFF53282A4B6000C09108 /* Project object */;
			proxyType = 1;
			remoteGlobalIDString = C19FFF5A282A4B6000C09108;
			remoteInfo = MovieSystem;
		};
/* End PBXContainerItemProxy section */

/* Begin PBXFileReference section */
		C117AB7D282A8985001F1C4E /* SelectTimeViewController.swift */ = {isa = PBXFileReference; lastKnownFileType = sourcecode.swift; path = SelectTimeViewController.swift; sourceTree = "<group>"; };
		C117AB7F282A9841001F1C4E /* ReservationViewController.swift */ = {isa = PBXFileReference; lastKnownFileType = sourcecode.swift; path = ReservationViewController.swift; sourceTree = "<group>"; };
		C117AB81282AC6A0001F1C4E /* BookedViewController.swift */ = {isa = PBXFileReference; lastKnownFileType = sourcecode.swift; path = BookedViewController.swift; sourceTree = "<group>"; };
		C117AB83282B2D39001F1C4E /* BookedTableViewCell.swift */ = {isa = PBXFileReference; lastKnownFileType = sourcecode.swift; path = BookedTableViewCell.swift; sourceTree = "<group>"; };
		C19FFF5B282A4B6000C09108 /* MovieSystem.app */ = {isa = PBXFileReference; explicitFileType = wrapper.application; includeInIndex = 0; path = MovieSystem.app; sourceTree = BUILT_PRODUCTS_DIR; };
		C19FFF5E282A4B6000C09108 /* AppDelegate.swift */ = {isa = PBXFileReference; lastKnownFileType = sourcecode.swift; path = AppDelegate.swift; sourceTree = "<group>"; };
		C19FFF60282A4B6000C09108 /* SceneDelegate.swift */ = {isa = PBXFileReference; lastKnownFileType = sourcecode.swift; path = SceneDelegate.swift; sourceTree = "<group>"; };
		C19FFF62282A4B6000C09108 /* ViewController.swift */ = {isa = PBXFileReference; lastKnownFileType = sourcecode.swift; path = ViewController.swift; sourceTree = "<group>"; };
		C19FFF65282A4B6000C09108 /* Base */ = {isa = PBXFileReference; lastKnownFileType = file.storyboard; name = Base; path = Base.lproj/Main.storyboard; sourceTree = "<group>"; };
		C19FFF67282A4B6100C09108 /* Assets.xcassets */ = {isa = PBXFileReference; lastKnownFileType = folder.assetcatalog; path = Assets.xcassets; sourceTree = "<group>"; };
		C19FFF6A282A4B6100C09108 /* Base */ = {isa = PBXFileReference; lastKnownFileType = file.storyboard; name = Base; path = Base.lproj/LaunchScreen.storyboard; sourceTree = "<group>"; };
		C19FFF6C282A4B6100C09108 /* Info.plist */ = {isa = PBXFileReference; lastKnownFileType = text.plist.xml; path = Info.plist; sourceTree = "<group>"; };
		C19FFF71282A4B6100C09108 /* MovieSystemTests.xctest */ = {isa = PBXFileReference; explicitFileType = wrapper.cfbundle; includeInIndex = 0; path = MovieSystemTests.xctest; sourceTree = BUILT_PRODUCTS_DIR; };
		C19FFF75282A4B6100C09108 /* MovieSystemTests.swift */ = {isa = PBXFileReference; lastKnownFileType = sourcecode.swift; path = MovieSystemTests.swift; sourceTree = "<group>"; };
		C19FFF7B282A4B6200C09108 /* MovieSystemUITests.xctest */ = {isa = PBXFileReference; explicitFileType = wrapper.cfbundle; includeInIndex = 0; path = MovieSystemUITests.xctest; sourceTree = BUILT_PRODUCTS_DIR; };
		C19FFF7F282A4B6200C09108 /* MovieSystemUITests.swift */ = {isa = PBXFileReference; lastKnownFileType = sourcecode.swift; path = MovieSystemUITests.swift; sourceTree = "<group>"; };
		C19FFF81282A4B6200C09108 /* MovieSystemUITestsLaunchTests.swift */ = {isa = PBXFileReference; lastKnownFileType = sourcecode.swift; path = MovieSystemUITestsLaunchTests.swift; sourceTree = "<group>"; };
		C19FFF90282A52CB00C09108 /* source.json */ = {isa = PBXFileReference; fileEncoding = 4; lastKnownFileType = text.json; path = source.json; sourceTree = "<group>"; };
/* End PBXFileReference section */

/* Begin PBXFrameworksBuildPhase section */
		C19FFF58282A4B6000C09108 /* Frameworks */ = {
			isa = PBXFrameworksBuildPhase;
			buildActionMask = 2147483647;
			files = (
			);
			runOnlyForDeploymentPostprocessing = 0;
		};
		C19FFF6E282A4B6100C09108 /* Frameworks */ = {
			isa = PBXFrameworksBuildPhase;
			buildActionMask = 2147483647;
			files = (
			);
			runOnlyForDeploymentPostprocessing = 0;
		};
		C19FFF78282A4B6200C09108 /* Frameworks */ = {
			isa = PBXFrameworksBuildPhase;
			buildActionMask = 2147483647;
			files = (
			);
			runOnlyForDeploymentPostprocessing = 0;
		};
/* End PBXFrameworksBuildPhase section */

/* Begin PBXGroup section */
		C19FFF52282A4B6000C09108 = {
			isa = PBXGroup;
			children = (
				C19FFF5D282A4B6000C09108 /* MovieSystem */,
				C19FFF74282A4B6100C09108 /* MovieSystemTests */,
				C19FFF7E282A4B6200C09108 /* MovieSystemUITests */,
				C19FFF5C282A4B6000C09108 /* Products */,
			);
			sourceTree = "<group>";
		};
		C19FFF5C282A4B6000C09108 /* Products */ = {
			isa = PBXGroup;
			children = (
				C19FFF5B282A4B6000C09108 /* MovieSystem.app */,
				C19FFF71282A4B6100C09108 /* MovieSystemTests.xctest */,
				C19FFF7B282A4B6200C09108 /* MovieSystemUITests.xctest */,
			);
			name = Products;
			sourceTree = "<group>";
		};
		C19FFF5D282A4B6000C09108 /* MovieSystem */ = {
			isa = PBXGroup;
			children = (
				C19FFF5E282A4B6000C09108 /* AppDelegate.swift */,
				C19FFF60282A4B6000C09108 /* SceneDelegate.swift */,
				C19FFF62282A4B6000C09108 /* ViewController.swift */,
				C117AB7D282A8985001F1C4E /* SelectTimeViewController.swift */,
				C117AB7F282A9841001F1C4E /* ReservationViewController.swift */,
				C117AB81282AC6A0001F1C4E /* BookedViewController.swift */,
				C117AB83282B2D39001F1C4E /* BookedTableViewCell.swift */,
				C19FFF90282A52CB00C09108 /* source.json */,
				C19FFF64282A4B6000C09108 /* Main.storyboard */,
				C19FFF67282A4B6100C09108 /* Assets.xcassets */,
				C19FFF69282A4B6100C09108 /* LaunchScreen.storyboard */,
				C19FFF6C282A4B6100C09108 /* Info.plist */,
			);
			path = MovieSystem;
			sourceTree = "<group>";
		};
		C19FFF74282A4B6100C09108 /* MovieSystemTests */ = {
			isa = PBXGroup;
			children = (
				C19FFF75282A4B6100C09108 /* MovieSystemTests.swift */,
			);
			path = MovieSystemTests;
			sourceTree = "<group>";
		};
		C19FFF7E282A4B6200C09108 /* MovieSystemUITests */ = {
			isa = PBXGroup;
			children = (
				C19FFF7F282A4B6200C09108 /* MovieSystemUITests.swift */,
				C19FFF81282A4B6200C09108 /* MovieSystemUITestsLaunchTests.swift */,
			);
			path = MovieSystemUITests;
			sourceTree = "<group>";
		};
/* End PBXGroup section */

/* Begin PBXNativeTarget section */
		C19FFF5A282A4B6000C09108 /* MovieSystem */ = {
			isa = PBXNativeTarget;
			buildConfigurationList = C19FFF85282A4B6200C09108 /* Build configuration list for PBXNativeTarget "MovieSystem" */;
			buildPhases = (
				C19FFF57282A4B6000C09108 /* Sources */,
				C19FFF58282A4B6000C09108 /* Frameworks */,
				C19FFF59282A4B6000C09108 /* Resources */,
			);
			buildRules = (
			);
			dependencies = (
			);
			name = MovieSystem;
			productName = MovieSystem;
			productReference = C19FFF5B282A4B6000C09108 /* MovieSystem.app */;
			productType = "com.apple.product-type.application";
		};
		C19FFF70282A4B6100C09108 /* MovieSystemTests */ = {
			isa = PBXNativeTarget;
			buildConfigurationList = C19FFF88282A4B6200C09108 /* Build configuration list for PBXNativeTarget "MovieSystemTests" */;
			buildPhases = (
				C19FFF6D282A4B6100C09108 /* Sources */,
				C19FFF6E282A4B6100C09108 /* Frameworks */,
				C19FFF6F282A4B6100C09108 /* Resources */,
			);
			buildRules = (
			);
			dependencies = (
				C19FFF73282A4B6100C09108 /* PBXTargetDependency */,
			);
			name = MovieSystemTests;
			productName = MovieSystemTests;
			productReference = C19FFF71282A4B6100C09108 /* MovieSystemTests.xctest */;
			productType = "com.apple.product-type.bundle.unit-test";
		};
		C19FFF7A282A4B6200C09108 /* MovieSystemUITests */ = {
			isa = PBXNativeTarget;
			buildConfigurationList = C19FFF8B282A4B6200C09108 /* Build configuration list for PBXNativeTarget "MovieSystemUITests" */;
			buildPhases = (
				C19FFF77282A4B6200C09108 /* Sources */,
				C19FFF78282A4B6200C09108 /* Frameworks */,
				C19FFF79282A4B6200C09108 /* Resources */,
			);
			buildRules = (
			);
			dependencies = (
				C19FFF7D282A4B6200C09108 /* PBXTargetDependency */,
			);
			name = MovieSystemUITests;
			productName = MovieSystemUITests;
			productReference = C19FFF7B282A4B6200C09108 /* MovieSystemUITests.xctest */;
			productType = "com.apple.product-type.bundle.ui-testing";
		};
/* End PBXNativeTarget section */

/* Begin PBXProject section */
		C19FFF53282A4B6000C09108 /* Project object */ = {
			isa = PBXProject;
			attributes = {
				BuildIndependentTargetsInParallel = 1;
				LastSwiftUpdateCheck = 1330;
				LastUpgradeCheck = 1330;
				TargetAttributes = {
					C19FFF5A282A4B6000C09108 = {
						CreatedOnToolsVersion = 13.3.1;
					};
					C19FFF70282A4B6100C09108 = {
						CreatedOnToolsVersion = 13.3.1;
						TestTargetID = C19FFF5A282A4B6000C09108;
					};
					C19FFF7A282A4B6200C09108 = {
						CreatedOnToolsVersion = 13.3.1;
						TestTargetID = C19FFF5A282A4B6000C09108;
					};
				};
			};
			buildConfigurationList = C19FFF56282A4B6000C09108 /* Build configuration list for PBXProject "MovieSystem" */;
			compatibilityVersion = "Xcode 13.0";
			developmentRegion = en;
			hasScannedForEncodings = 0;
			knownRegions = (
				en,
				Base,
			);
			mainGroup = C19FFF52282A4B6000C09108;
			productRefGroup = C19FFF5C282A4B6000C09108 /* Products */;
			projectDirPath = "";
			projectRoot = "";
			targets = (
				C19FFF5A282A4B6000C09108 /* MovieSystem */,
				C19FFF70282A4B6100C09108 /* MovieSystemTests */,
				C19FFF7A282A4B6200C09108 /* MovieSystemUITests */,
			);
		};
/* End PBXProject section */

/* Begin PBXResourcesBuildPhase section */
		C19FFF59282A4B6000C09108 /* Resources */ = {
			isa = PBXResourcesBuildPhase;
			buildActionMask = 2147483647;
			files = (
				C19FFF6B282A4B6100C09108 /* LaunchScreen.storyboard in Resources */,
				C19FFF68282A4B6100C09108 /* Assets.xcassets in Resources */,
				C19FFF66282A4B6000C09108 /* Main.storyboard in Resources */,
				C19FFF91282A52CB00C09108 /* source.json in Resources */,
			);
			runOnlyForDeploymentPostprocessing = 0;
		};
		C19FFF6F282A4B6100C09108 /* Resources */ = {
			isa = PBXResourcesBuildPhase;
			buildActionMask = 2147483647;
			files = (
			);
			runOnlyForDeploymentPostprocessing = 0;
		};
		C19FFF79282A4B6200C09108 /* Resources */ = {
			isa = PBXResourcesBuildPhase;
			buildActionMask = 2147483647;
			files = (
			);
			runOnlyForDeploymentPostprocessing = 0;
		};
/* End PBXResourcesBuildPhase section */

/* Begin PBXSourcesBuildPhase section */
		C19FFF57282A4B6000C09108 /* Sources */ = {
			isa = PBXSourcesBuildPhase;
			buildActionMask = 2147483647;
			files = (
				C117AB80282A9841001F1C4E /* ReservationViewController.swift in Sources */,
				C19FFF63282A4B6000C09108 /* ViewController.swift in Sources */,
				C117AB82282AC6A0001F1C4E /* BookedViewController.swift in Sources */,
				C117AB84282B2D39001F1C4E /* BookedTableViewCell.swift in Sources */,
				C19FFF5F282A4B6000C09108 /* AppDelegate.swift in Sources */,
				C19FFF61282A4B6000C09108 /* SceneDelegate.swift in Sources */,
				C117AB7E282A8985001F1C4E /* SelectTimeViewController.swift in Sources */,
			);
			runOnlyForDeploymentPostprocessing = 0;
		};
		C19FFF6D282A4B6100C09108 /* Sources */ = {
			isa = PBXSourcesBuildPhase;
			buildActionMask = 2147483647;
			files = (
				C19FFF76282A4B6100C09108 /* MovieSystemTests.swift in Sources */,
			);
			runOnlyForDeploymentPostprocessing = 0;
		};
		C19FFF77282A4B6200C09108 /* Sources */ = {
			isa = PBXSourcesBuildPhase;
			buildActionMask = 2147483647;
			files = (
				C19FFF82282A4B6200C09108 /* MovieSystemUITestsLaunchTests.swift in Sources */,
				C19FFF80282A4B6200C09108 /* MovieSystemUITests.swift in Sources */,
			);
			runOnlyForDeploymentPostprocessing = 0;
		};
/* End PBXSourcesBuildPhase section */

/* Begin PBXTargetDependency section */
		C19FFF73282A4B6100C09108 /* PBXTargetDependency */ = {
			isa = PBXTargetDependency;
			target = C19FFF5A282A4B6000C09108 /* MovieSystem */;
			targetProxy = C19FFF72282A4B6100C09108 /* PBXContainerItemProxy */;
		};
		C19FFF7D282A4B6200C09108 /* PBXTargetDependency */ = {
			isa = PBXTargetDependency;
			target = C19FFF5A282A4B6000C09108 /* MovieSystem */;
			targetProxy = C19FFF7C282A4B6200C09108 /* PBXContainerItemProxy */;
		};
/* End PBXTargetDependency section */

/* Begin PBXVariantGroup section */
		C19FFF64282A4B6000C09108 /* Main.storyboard */ = {
			isa = PBXVariantGroup;
			children = (
				C19FFF65282A4B6000C09108 /* Base */,
			);
			name = Main.storyboard;
			sourceTree = "<group>";
		};
		C19FFF69282A4B6100C09108 /* LaunchScreen.storyboard */ = {
			isa = PBXVariantGroup;
			children = (
				C19FFF6A282A4B6100C09108 /* Base */,
			);
			name = LaunchScreen.storyboard;
			sourceTree = "<group>";
		};
/* End PBXVariantGroup section */

/* Begin XCBuildConfiguration section */
		C19FFF83282A4B6200C09108 /* Debug */ = {
			isa = XCBuildConfiguration;
			buildSettings = {
				ALWAYS_SEARCH_USER_PATHS = NO;
				CLANG_ANALYZER_NONNULL = YES;
				CLANG_ANALYZER_NUMBER_OBJECT_CONVERSION = YES_AGGRESSIVE;
				CLANG_CXX_LANGUAGE_STANDARD = "gnu++17";
				CLANG_ENABLE_MODULES = YES;
				CLANG_ENABLE_OBJC_ARC = YES;
				CLANG_ENABLE_OBJC_WEAK = YES;
				CLANG_WARN_BLOCK_CAPTURE_AUTORELEASING = YES;
				CLANG_WARN_BOOL_CONVERSION = YES;
				CLANG_WARN_COMMA = YES;
				CLANG_WARN_CONSTANT_CONVERSION = YES;
				CLANG_WARN_DEPRECATED_OBJC_IMPLEMENTATIONS = YES;
				CLANG_WARN_DIRECT_OBJC_ISA_USAGE = YES_ERROR;
				CLANG_WARN_DOCUMENTATION_COMMENTS = YES;
				CLANG_WARN_EMPTY_BODY = YES;
				CLANG_WARN_ENUM_CONVERSION = YES;
				CLANG_WARN_INFINITE_RECURSION = YES;
				CLANG_WARN_INT_CONVERSION = YES;
				CLANG_WARN_NON_LITERAL_NULL_CONVERSION = YES;
				CLANG_WARN_OBJC_IMPLICIT_RETAIN_SELF = YES;
				CLANG_WARN_OBJC_LITERAL_CONVERSION = YES;
				CLANG_WARN_OBJC_ROOT_CLASS = YES_ERROR;
				CLANG_WARN_QUOTED_INCLUDE_IN_FRAMEWORK_HEADER = YES;
				CLANG_WARN_RANGE_LOOP_ANALYSIS = YES;
				CLANG_WARN_STRICT_PROTOTYPES = YES;
				CLANG_WARN_SUSPICIOUS_MOVE = YES;
				CLANG_WARN_UNGUARDED_AVAILABILITY = YES_AGGRESSIVE;
				CLANG_WARN_UNREACHABLE_CODE = YES;
				CLANG_WARN__DUPLICATE_METHOD_MATCH = YES;
				COPY_PHASE_STRIP = NO;
				DEBUG_INFORMATION_FORMAT = dwarf;
				ENABLE_STRICT_OBJC_MSGSEND = YES;
				ENABLE_TESTABILITY = YES;
				GCC_C_LANGUAGE_STANDARD = gnu11;
				GCC_DYNAMIC_NO_PIC = NO;
				GCC_NO_COMMON_BLOCKS = YES;
				GCC_OPTIMIZATION_LEVEL = 0;
				GCC_PREPROCESSOR_DEFINITIONS = (
					"DEBUG=1",
					"$(inherited)",
				);
				GCC_WARN_64_TO_32_BIT_CONVERSION = YES;
				GCC_WARN_ABOUT_RETURN_TYPE = YES_ERROR;
				GCC_WARN_UNDECLARED_SELECTOR = YES;
				GCC_WARN_UNINITIALIZED_AUTOS = YES_AGGRESSIVE;
				GCC_WARN_UNUSED_FUNCTION = YES;
				GCC_WARN_UNUSED_VARIABLE = YES;
				IPHONEOS_DEPLOYMENT_TARGET = 15.4;
				MTL_ENABLE_DEBUG_INFO = INCLUDE_SOURCE;
				MTL_FAST_MATH = YES;
				ONLY_ACTIVE_ARCH = YES;
				SDKROOT = iphoneos;
				SWIFT_ACTIVE_COMPILATION_CONDITIONS = DEBUG;
				SWIFT_OPTIMIZATION_LEVEL = "-Onone";
			};
			name = Debug;
		};
		C19FFF84282A4B6200C09108 /* Release */ = {
			isa = XCBuildConfiguration;
			buildSettings = {
				ALWAYS_SEARCH_USER_PATHS = NO;
				CLANG_ANALYZER_NONNULL = YES;
				CLANG_ANALYZER_NUMBER_OBJECT_CONVERSION = YES_AGGRESSIVE;
				CLANG_CXX_LANGUAGE_STANDARD = "gnu++17";
				CLANG_ENABLE_MODULES = YES;
				CLANG_ENABLE_OBJC_ARC = YES;
				CLANG_ENABLE_OBJC_WEAK = YES;
				CLANG_WARN_BLOCK_CAPTURE_AUTORELEASING = YES;
				CLANG_WARN_BOOL_CONVERSION = YES;
				CLANG_WARN_COMMA = YES;
				CLANG_WARN_CONSTANT_CONVERSION = YES;
				CLANG_WARN_DEPRECATED_OBJC_IMPLEMENTATIONS = YES;
				CLANG_WARN_DIRECT_OBJC_ISA_USAGE = YES_ERROR;
				CLANG_WARN_DOCUMENTATION_COMMENTS = YES;
				CLANG_WARN_EMPTY_BODY = YES;
				CLANG_WARN_ENUM_CONVERSION = YES;
				CLANG_WARN_INFINITE_RECURSION = YES;
				CLANG_WARN_INT_CONVERSION = YES;
				CLANG_WARN_NON_LITERAL_NULL_CONVERSION = YES;
				CLANG_WARN_OBJC_IMPLICIT_RETAIN_SELF = YES;
				CLANG_WARN_OBJC_LITERAL_CONVERSION = YES;
				CLANG_WARN_OBJC_ROOT_CLASS = YES_ERROR;
				CLANG_WARN_QUOTED_INCLUDE_IN_FRAMEWORK_HEADER = YES;
				CLANG_WARN_RANGE_LOOP_ANALYSIS = YES;
				CLANG_WARN_STRICT_PROTOTYPES = YES;
				CLANG_WARN_SUSPICIOUS_MOVE = YES;
				CLANG_WARN_UNGUARDED_AVAILABILITY = YES_AGGRESSIVE;
				CLANG_WARN_UNREACHABLE_CODE = YES;
				CLANG_WARN__DUPLICATE_METHOD_MATCH = YES;
				COPY_PHASE_STRIP = NO;
				DEBUG_INFORMATION_FORMAT = "dwarf-with-dsym";
				ENABLE_NS_ASSERTIONS = NO;
				ENABLE_STRICT_OBJC_MSGSEND = YES;
				GCC_C_LANGUAGE_STANDARD = gnu11;
				GCC_NO_COMMON_BLOCKS = YES;
				GCC_WARN_64_TO_32_BIT_CONVERSION = YES;
				GCC_WARN_ABOUT_RETURN_TYPE = YES_ERROR;
				GCC_WARN_UNDECLARED_SELECTOR = YES;
				GCC_WARN_UNINITIALIZED_AUTOS = YES_AGGRESSIVE;
				GCC_WARN_UNUSED_FUNCTION = YES;
				GCC_WARN_UNUSED_VARIABLE = YES;
				IPHONEOS_DEPLOYMENT_TARGET = 15.4;
				MTL_ENABLE_DEBUG_INFO = NO;
				MTL_FAST_MATH = YES;
				SDKROOT = iphoneos;
				SWIFT_COMPILATION_MODE = wholemodule;
				SWIFT_OPTIMIZATION_LEVEL = "-O";
				VALIDATE_PRODUCT = YES;
			};
			name = Release;
		};
		C19FFF86282A4B6200C09108 /* Debug */ = {
			isa = XCBuildConfiguration;
			buildSettings = {
				ASSETCATALOG_COMPILER_APPICON_NAME = AppIcon;
				ASSETCATALOG_COMPILER_GLOBAL_ACCENT_COLOR_NAME = AccentColor;
				CODE_SIGN_STYLE = Automatic;
				CURRENT_PROJECT_VERSION = 1;
				GENERATE_INFOPLIST_FILE = YES;
				INFOPLIST_FILE = MovieSystem/Info.plist;
				INFOPLIST_KEY_CFBundleDisplayName = MovieReserve;
				INFOPLIST_KEY_UIApplicationSupportsIndirectInputEvents = YES;
				INFOPLIST_KEY_UILaunchStoryboardName = LaunchScreen;
				INFOPLIST_KEY_UIMainStoryboardFile = Main;
				INFOPLIST_KEY_UISupportedInterfaceOrientations_iPad = "UIInterfaceOrientationPortrait UIInterfaceOrientationPortraitUpsideDown UIInterfaceOrientationLandscapeLeft UIInterfaceOrientationLandscapeRight";
				INFOPLIST_KEY_UISupportedInterfaceOrientations_iPhone = UIInterfaceOrientationPortrait;
				LD_RUNPATH_SEARCH_PATHS = (
					"$(inherited)",
					"@executable_path/Frameworks",
				);
				MARKETING_VERSION = 1.0;
				PRODUCT_BUNDLE_IDENTIFIER = com.MovieSystem;
				PRODUCT_NAME = "$(TARGET_NAME)";
				SWIFT_EMIT_LOC_STRINGS = YES;
				SWIFT_VERSION = 5.0;
				TARGETED_DEVICE_FAMILY = "1,2";
			};
			name = Debug;
		};
		C19FFF87282A4B6200C09108 /* Release */ = {
			isa = XCBuildConfiguration;
			buildSettings = {
				ASSETCATALOG_COMPILER_APPICON_NAME = AppIcon;
				ASSETCATALOG_COMPILER_GLOBAL_ACCENT_COLOR_NAME = AccentColor;
				CODE_SIGN_STYLE = Automatic;
				CURRENT_PROJECT_VERSION = 1;
				GENERATE_INFOPLIST_FILE = YES;
				INFOPLIST_FILE = MovieSystem/Info.plist;
				INFOPLIST_KEY_CFBundleDisplayName = MovieReserve;
				INFOPLIST_KEY_UIApplicationSupportsIndirectInputEvents = YES;
				INFOPLIST_KEY_UILaunchStoryboardName = LaunchScreen;
				INFOPLIST_KEY_UIMainStoryboardFile = Main;
				INFOPLIST_KEY_UISupportedInterfaceOrientations_iPad = "UIInterfaceOrientationPortrait UIInterfaceOrientationPortraitUpsideDown UIInterfaceOrientationLandscapeLeft UIInterfaceOrientationLandscapeRight";
				INFOPLIST_KEY_UISupportedInterfaceOrientations_iPhone = UIInterfaceOrientationPortrait;
				LD_RUNPATH_SEARCH_PATHS = (
					"$(inherited)",
					"@executable_path/Frameworks",
				);
				MARKETING_VERSION = 1.0;
				PRODUCT_BUNDLE_IDENTIFIER = com.MovieSystem;
				PRODUCT_NAME = "$(TARGET_NAME)";
				SWIFT_EMIT_LOC_STRINGS = YES;
				SWIFT_VERSION = 5.0;
				TARGETED_DEVICE_FAMILY = "1,2";
			};
			name = Release;
		};
		C19FFF89282A4B6200C09108 /* Debug */ = {
			isa = XCBuildConfiguration;
			buildSettings = {
				ALWAYS_EMBED_SWIFT_STANDARD_LIBRARIES = YES;
				BUNDLE_LOADER = "$(TEST_HOST)";
				CODE_SIGN_STYLE = Automatic;
				CURRENT_PROJECT_VERSION = 1;
				GENERATE_INFOPLIST_FILE = YES;
				IPHONEOS_DEPLOYMENT_TARGET = 15.4;
				MARKETING_VERSION = 1.0;
				PRODUCT_BUNDLE_IDENTIFIER = com.MovieSystemTests;
				PRODUCT_NAME = "$(TARGET_NAME)";
				SWIFT_EMIT_LOC_STRINGS = NO;
				SWIFT_VERSION = 5.0;
				TARGETED_DEVICE_FAMILY = "1,2";
				TEST_HOST = "$(BUILT_PRODUCTS_DIR)/MovieSystem.app/MovieSystem";
			};
			name = Debug;
		};
		C19FFF8A282A4B6200C09108 /* Release */ = {
			isa = XCBuildConfiguration;
			buildSettings = {
				ALWAYS_EMBED_SWIFT_STANDARD_LIBRARIES = YES;
				BUNDLE_LOADER = "$(TEST_HOST)";
				CODE_SIGN_STYLE = Automatic;
				CURRENT_PROJECT_VERSION = 1;
				GENERATE_INFOPLIST_FILE = YES;
				IPHONEOS_DEPLOYMENT_TARGET = 15.4;
				MARKETING_VERSION = 1.0;
				PRODUCT_BUNDLE_IDENTIFIER = com.MovieSystemTests;
				PRODUCT_NAME = "$(TARGET_NAME)";
				SWIFT_EMIT_LOC_STRINGS = NO;
				SWIFT_VERSION = 5.0;
				TARGETED_DEVICE_FAMILY = "1,2";
				TEST_HOST = "$(BUILT_PRODUCTS_DIR)/MovieSystem.app/MovieSystem";
			};
			name = Release;
		};
		C19FFF8C282A4B6200C09108 /* Debug */ = {
			isa = XCBuildConfiguration;
			buildSettings = {
				ALWAYS_EMBED_SWIFT_STANDARD_LIBRARIES = YES;
				CODE_SIGN_STYLE = Automatic;
				CURRENT_PROJECT_VERSION = 1;
				GENERATE_INFOPLIST_FILE = YES;
				MARKETING_VERSION = 1.0;
				PRODUCT_BUNDLE_IDENTIFIER = com.MovieSystemUITests;
				PRODUCT_NAME = "$(TARGET_NAME)";
				SWIFT_EMIT_LOC_STRINGS = NO;
				SWIFT_VERSION = 5.0;
				TARGETED_DEVICE_FAMILY = "1,2";
				TEST_TARGET_NAME = MovieSystem;
			};
			name = Debug;
		};
		C19FFF8D282A4B6200C09108 /* Release */ = {
			isa = XCBuildConfiguration;
			buildSettings = {
				ALWAYS_EMBED_SWIFT_STANDARD_LIBRARIES = YES;
				CODE_SIGN_STYLE = Automatic;
				CURRENT_PROJECT_VERSION = 1;
				GENERATE_INFOPLIST_FILE = YES;
				MARKETING_VERSION = 1.0;
				PRODUCT_BUNDLE_IDENTIFIER = com.MovieSystemUITests;
				PRODUCT_NAME = "$(TARGET_NAME)";
				SWIFT_EMIT_LOC_STRINGS = NO;
				SWIFT_VERSION = 5.0;
				TARGETED_DEVICE_FAMILY = "1,2";
				TEST_TARGET_NAME = MovieSystem;
			};
			name = Release;
		};
/* End XCBuildConfiguration section */

/* Begin XCConfigurationList section */
		C19FFF56282A4B6000C09108 /* Build configuration list for PBXProject "MovieSystem" */ = {
			isa = XCConfigurationList;
			buildConfigurations = (
				C19FFF83282A4B6200C09108 /* Debug */,
				C19FFF84282A4B6200C09108 /* Release */,
			);
			defaultConfigurationIsVisible = 0;
			defaultConfigurationName = Release;
		};
		C19FFF85282A4B6200C09108 /* Build configuration list for PBXNativeTarget "MovieSystem" */ = {
			isa = XCConfigurationList;
			buildConfigurations = (
				C19FFF86282A4B6200C09108 /* Debug */,
				C19FFF87282A4B6200C09108 /* Release */,
			);
			defaultConfigurationIsVisible = 0;
			defaultConfigurationName = Release;
		};
		C19FFF88282A4B6200C09108 /* Build configuration list for PBXNativeTarget "MovieSystemTests" */ = {
			isa = XCConfigurationList;
			buildConfigurations = (
				C19FFF89282A4B6200C09108 /* Debug */,
				C19FFF8A282A4B6200C09108 /* Release */,
			);
			defaultConfigurationIsVisible = 0;
			defaultConfigurationName = Release;
		};
		C19FFF8B282A4B6200C09108 /* Build configuration list for PBXNativeTarget "MovieSystemUITests" */ = {
			isa = XCConfigurationList;
			buildConfigurations = (
				C19FFF8C282A4B6200C09108 /* Debug */,
				C19FFF8D282A4B6200C09108 /* Release */,
			);
			defaultConfigurationIsVisible = 0;
			defaultConfigurationName = Release;
		};
/* End XCConfigurationList section */
	};
	rootObject = C19FFF53282A4B6000C09108 /* Project object */;
}
